
Microsoft Visual Studio Solution File, Format Version 12.00
Project("{2150E333-8FDC-42A3-9474-1A3956D46DE8}") = "src", "src", "{96269AEA-A66F-4D53-88D2-6D2332BA5FB9}"
EndProject
Project("{2150E333-8FDC-42A3-9474-1A3956D46DE8}") = "corePackages", "corePackages", "{14370EB3-0A15-4410-AD44-6DC9D0CA4B4C}"
EndProject
Project("{FAE04EC0-301F-11D3-BF4B-00C04F79EFBC}") = "Core.Application", "src\corePackages\Core.Application\Core.Application.csproj", "{25D25940-51F8-4FFF-A84C-FEF0AAA2C1D1}"
EndProject
Project("{FAE04EC0-301F-11D3-BF4B-00C04F79EFBC}") = "Core.CrossCuttingConcerns", "src\corePackages\Core.CrossCuttingConcers\Core.CrossCuttingConcerns.csproj", "{722D388C-B5B3-47EE-81CE-AFED3956F9BE}"
EndProject
Project("{FAE04EC0-301F-11D3-BF4B-00C04F79EFBC}") = "Core.ElasticSearch", "src\corePackages\Core.ElasticSearch\Core.ElasticSearch.csproj", "{6CEDDDAA-6D56-4076-9194-EFB7DD3C1698}"
EndProject
Project("{FAE04EC0-301F-11D3-BF4B-00C04F79EFBC}") = "Core.Mailing", "src\corePackages\Core.Mailing\Core.Mailing.csproj", "{1C9E8E26-0047-4D44-90F2-54964D093268}"
EndProject
Project("{FAE04EC0-301F-11D3-BF4B-00C04F79EFBC}") = "Core.Persistence", "src\corePackages\Core.Persistence\Core.Persistence.csproj", "{C3BA0E31-1A32-4956-9195-3A409547E652}"
EndProject
Project("{FAE04EC0-301F-11D3-BF4B-00C04F79EFBC}") = "Core.Security", "src\corePackages\Core.Security\Core.Security.csproj", "{075BB7E4-77A7-405E-B961-916E168B5049}"
EndProject
Project("{2150E333-8FDC-42A3-9474-1A3956D46DE8}") = "devsNetwork", "devsNetwork", "{A111E6F3-5A07-4D69-84AC-AE78C37B3E2F}"
EndProject
Project("{FAE04EC0-301F-11D3-BF4B-00C04F79EFBC}") = "Application", "src\devsNetwork\Application\Application.csproj", "{F28FEA27-4500-43A9-A0D3-29D201761B5D}"
EndProject
Project("{FAE04EC0-301F-11D3-BF4B-00C04F79EFBC}") = "Domain", "src\devsNetwork\Domain\Domain.csproj", "{05EBDFF7-EF97-4C3D-A64F-A3CB133CD95C}"
EndProject
Project("{FAE04EC0-301F-11D3-BF4B-00C04F79EFBC}") = "Infrastructure", "src\devsNetwork\Infrastructure\Infrastructure.csproj", "{E856278D-D6F4-4312-A27D-0A63FED923E0}"
EndProject
Project("{FAE04EC0-301F-11D3-BF4B-00C04F79EFBC}") = "Persistence", "src\devsNetwork\Persistence\Persistence.csproj", "{61A757F7-5A06-4E37-84A4-0827ADF44B99}"
EndProject
Project("{FAE04EC0-301F-11D3-BF4B-00C04F79EFBC}") = "WebAPI", "src\devsNetwork\WebAPI\WebAPI.csproj", "{461BAFF9-2AB9-44AB-AEC8-AB122897344D}"
EndProject
Global
	GlobalSection(SolutionConfigurationPlatforms) = preSolution
		Debug|Any CPU = Debug|Any CPU
		Release|Any CPU = Release|Any CPU
	EndGlobalSection
	GlobalSection(NestedProjects) = preSolution
		{14370EB3-0A15-4410-AD44-6DC9D0CA4B4C} = {96269AEA-A66F-4D53-88D2-6D2332BA5FB9}
		{25D25940-51F8-4FFF-A84C-FEF0AAA2C1D1} = {14370EB3-0A15-4410-AD44-6DC9D0CA4B4C}
		{722D388C-B5B3-47EE-81CE-AFED3956F9BE} = {14370EB3-0A15-4410-AD44-6DC9D0CA4B4C}
		{6CEDDDAA-6D56-4076-9194-EFB7DD3C1698} = {14370EB3-0A15-4410-AD44-6DC9D0CA4B4C}
		{1C9E8E26-0047-4D44-90F2-54964D093268} = {14370EB3-0A15-4410-AD44-6DC9D0CA4B4C}
		{C3BA0E31-1A32-4956-9195-3A409547E652} = {14370EB3-0A15-4410-AD44-6DC9D0CA4B4C}
		{075BB7E4-77A7-405E-B961-916E168B5049} = {14370EB3-0A15-4410-AD44-6DC9D0CA4B4C}
		{A111E6F3-5A07-4D69-84AC-AE78C37B3E2F} = {96269AEA-A66F-4D53-88D2-6D2332BA5FB9}
		{F28FEA27-4500-43A9-A0D3-29D201761B5D} = {A111E6F3-5A07-4D69-84AC-AE78C37B3E2F}
		{05EBDFF7-EF97-4C3D-A64F-A3CB133CD95C} = {A111E6F3-5A07-4D69-84AC-AE78C37B3E2F}
		{E856278D-D6F4-4312-A27D-0A63FED923E0} = {A111E6F3-5A07-4D69-84AC-AE78C37B3E2F}
		{61A757F7-5A06-4E37-84A4-0827ADF44B99} = {A111E6F3-5A07-4D69-84AC-AE78C37B3E2F}
		{461BAFF9-2AB9-44AB-AEC8-AB122897344D} = {A111E6F3-5A07-4D69-84AC-AE78C37B3E2F}
	EndGlobalSection
	GlobalSection(ProjectConfigurationPlatforms) = postSolution
		{25D25940-51F8-4FFF-A84C-FEF0AAA2C1D1}.Debug|Any CPU.ActiveCfg = Debug|Any CPU
		{25D25940-51F8-4FFF-A84C-FEF0AAA2C1D1}.Debug|Any CPU.Build.0 = Debug|Any CPU
		{25D25940-51F8-4FFF-A84C-FEF0AAA2C1D1}.Release|Any CPU.ActiveCfg = Release|Any CPU
		{25D25940-51F8-4FFF-A84C-FEF0AAA2C1D1}.Release|Any CPU.Build.0 = Release|Any CPU
		{722D388C-B5B3-47EE-81CE-AFED3956F9BE}.Debug|Any CPU.ActiveCfg = Debug|Any CPU
		{722D388C-B5B3-47EE-81CE-AFED3956F9BE}.Debug|Any CPU.Build.0 = Debug|Any CPU
		{722D388C-B5B3-47EE-81CE-AFED3956F9BE}.Release|Any CPU.ActiveCfg = Release|Any CPU
		{722D388C-B5B3-47EE-81CE-AFED3956F9BE}.Release|Any CPU.Build.0 = Release|Any CPU
		{6CEDDDAA-6D56-4076-9194-EFB7DD3C1698}.Debug|Any CPU.ActiveCfg = Debug|Any CPU
		{6CEDDDAA-6D56-4076-9194-EFB7DD3C1698}.Debug|Any CPU.Build.0 = Debug|Any CPU
		{6CEDDDAA-6D56-4076-9194-EFB7DD3C1698}.Release|Any CPU.ActiveCfg = Release|Any CPU
		{6CEDDDAA-6D56-4076-9194-EFB7DD3C1698}.Release|Any CPU.Build.0 = Release|Any CPU
		{1C9E8E26-0047-4D44-90F2-54964D093268}.Debug|Any CPU.ActiveCfg = Debug|Any CPU
		{1C9E8E26-0047-4D44-90F2-54964D093268}.Debug|Any CPU.Build.0 = Debug|Any CPU
		{1C9E8E26-0047-4D44-90F2-54964D093268}.Release|Any CPU.ActiveCfg = Release|Any CPU
		{1C9E8E26-0047-4D44-90F2-54964D093268}.Release|Any CPU.Build.0 = Release|Any CPU
		{C3BA0E31-1A32-4956-9195-3A409547E652}.Debug|Any CPU.ActiveCfg = Debug|Any CPU
		{C3BA0E31-1A32-4956-9195-3A409547E652}.Debug|Any CPU.Build.0 = Debug|Any CPU
		{C3BA0E31-1A32-4956-9195-3A409547E652}.Release|Any CPU.ActiveCfg = Release|Any CPU
		{C3BA0E31-1A32-4956-9195-3A409547E652}.Release|Any CPU.Build.0 = Release|Any CPU
		{075BB7E4-77A7-405E-B961-916E168B5049}.Debug|Any CPU.ActiveCfg = Debug|Any CPU
		{075BB7E4-77A7-405E-B961-916E168B5049}.Debug|Any CPU.Build.0 = Debug|Any CPU
		{075BB7E4-77A7-405E-B961-916E168B5049}.Release|Any CPU.ActiveCfg = Release|Any CPU
		{075BB7E4-77A7-405E-B961-916E168B5049}.Release|Any CPU.Build.0 = Release|Any CPU
		{F28FEA27-4500-43A9-A0D3-29D201761B5D}.Debug|Any CPU.ActiveCfg = Debug|Any CPU
		{F28FEA27-4500-43A9-A0D3-29D201761B5D}.Debug|Any CPU.Build.0 = Debug|Any CPU
		{F28FEA27-4500-43A9-A0D3-29D201761B5D}.Release|Any CPU.ActiveCfg = Release|Any CPU
		{F28FEA27-4500-43A9-A0D3-29D201761B5D}.Release|Any CPU.Build.0 = Release|Any CPU
		{05EBDFF7-EF97-4C3D-A64F-A3CB133CD95C}.Debug|Any CPU.ActiveCfg = Debug|Any CPU
		{05EBDFF7-EF97-4C3D-A64F-A3CB133CD95C}.Debug|Any CPU.Build.0 = Debug|Any CPU
		{05EBDFF7-EF97-4C3D-A64F-A3CB133CD95C}.Release|Any CPU.ActiveCfg = Release|Any CPU
		{05EBDFF7-EF97-4C3D-A64F-A3CB133CD95C}.Release|Any CPU.Build.0 = Release|Any CPU
		{E856278D-D6F4-4312-A27D-0A63FED923E0}.Debug|Any CPU.ActiveCfg = Debug|Any CPU
		{E856278D-D6F4-4312-A27D-0A63FED923E0}.Debug|Any CPU.Build.0 = Debug|Any CPU
		{E856278D-D6F4-4312-A27D-0A63FED923E0}.Release|Any CPU.ActiveCfg = Release|Any CPU
		{E856278D-D6F4-4312-A27D-0A63FED923E0}.Release|Any CPU.Build.0 = Release|Any CPU
		{61A757F7-5A06-4E37-84A4-0827ADF44B99}.Debug|Any CPU.ActiveCfg = Debug|Any CPU
		{61A757F7-5A06-4E37-84A4-0827ADF44B99}.Debug|Any CPU.Build.0 = Debug|Any CPU
		{61A757F7-5A06-4E37-84A4-0827ADF44B99}.Release|Any CPU.ActiveCfg = Release|Any CPU
		{61A757F7-5A06-4E37-84A4-0827ADF44B99}.Release|Any CPU.Build.0 = Release|Any CPU
		{461BAFF9-2AB9-44AB-AEC8-AB122897344D}.Debug|Any CPU.ActiveCfg = Debug|Any CPU
		{461BAFF9-2AB9-44AB-AEC8-AB122897344D}.Debug|Any CPU.Build.0 = Debug|Any CPU
		{461BAFF9-2AB9-44AB-AEC8-AB122897344D}.Release|Any CPU.ActiveCfg = Release|Any CPU
		{461BAFF9-2AB9-44AB-AEC8-AB122897344D}.Release|Any CPU.Build.0 = Release|Any CPU
	EndGlobalSection
EndGlobal
